
Microsoft Visual Studio Solution File, Format Version 12.00
# Visual Studio 15
VisualStudioVersion = 15.0.26430.14
MinimumVisualStudioVersion = 10.0.40219.1
Project("{FAE04EC0-301F-11D3-BF4B-00C04F79EFBC}") = "Screenfo", "Screenfo\Screenfo.csproj", "{BA4656FA-9090-41EE-8FF5-2763A48A83C5}"
EndProject
Project("{FAE04EC0-301F-11D3-BF4B-00C04F79EFBC}") = "ScreenfoDemo", "ScreenfoDemo\ScreenfoDemo.csproj", "{34EC38AD-48F9-4DC7-8A12-E26E4618AA45}"
EndProject
Global
	GlobalSection(SolutionConfigurationPlatforms) = preSolution
		Debug|x64 = Debug|x64
		Release|x64 = Release|x64
	EndGlobalSection
	GlobalSection(ProjectConfigurationPlatforms) = postSolution
		{BA4656FA-9090-41EE-8FF5-2763A48A83C5}.Debug|x64.ActiveCfg = Debug|x64
		{BA4656FA-9090-41EE-8FF5-2763A48A83C5}.Debug|x64.Build.0 = Debug|x64
		{BA4656FA-9090-41EE-8FF5-2763A48A83C5}.Release|x64.ActiveCfg = Release|x64
		{BA4656FA-9090-41EE-8FF5-2763A48A83C5}.Release|x64.Build.0 = Release|x64
		{34EC38AD-48F9-4DC7-8A12-E26E4618AA45}.Debug|x64.ActiveCfg = Debug|x64
		{34EC38AD-48F9-4DC7-8A12-E26E4618AA45}.Debug|x64.Build.0 = Debug|x64
		{34EC38AD-48F9-4DC7-8A12-E26E4618AA45}.Release|x64.ActiveCfg = Release|x64
		{34EC38AD-48F9-4DC7-8A12-E26E4618AA45}.Release|x64.Build.0 = Release|x64
	EndGlobalSection
	GlobalSection(SolutionProperties) = preSolution
		HideSolutionNode = FALSE
	EndGlobalSection
	GlobalSection(ExtensibilityGlobals) = postSolution
		SolutionGuid = {96FDBA2E-3CC1-40BD-B898-6FCC4A87C126}
	EndGlobalSection
EndGlobal
